
Microsoft Visual Studio Solution File, Format Version 12.00
# Visual Studio Version 17
VisualStudioVersion = 17.5.002.0
MinimumVisualStudioVersion = 10.0.40219.1
Project("{9A19103F-16F7-4668-BE54-9A1E7A4F7556}") = "DotnetAvaliacao1", "DotnetAvaliacao1.csproj", "{12AF1120-2BE5-4717-9566-745439D168CA}"
EndProject
Global
	GlobalSection(SolutionConfigurationPlatforms) = preSolution
		Debug|Any CPU = Debug|Any CPU
		Release|Any CPU = Release|Any CPU
	EndGlobalSection
	GlobalSection(ProjectConfigurationPlatforms) = postSolution
		{12AF1120-2BE5-4717-9566-745439D168CA}.Debug|Any CPU.ActiveCfg = Debug|Any CPU
		{12AF1120-2BE5-4717-9566-745439D168CA}.Debug|Any CPU.Build.0 = Debug|Any CPU
		{12AF1120-2BE5-4717-9566-745439D168CA}.Release|Any CPU.ActiveCfg = Release|Any CPU
		{12AF1120-2BE5-4717-9566-745439D168CA}.Release|Any CPU.Build.0 = Release|Any CPU
	EndGlobalSection
	GlobalSection(SolutionProperties) = preSolution
		HideSolutionNode = FALSE
	EndGlobalSection
	GlobalSection(ExtensibilityGlobals) = postSolution
		SolutionGuid = {3CB58A27-C175-4A15-8E7B-B11E17E59D18}
	EndGlobalSection
EndGlobal
